<?xml version="1.0" encoding="utf-8"?>
<Project ToolsVersion="4.0" xmlns="http://schemas.microsoft.com/developer/msbuild/2003">
  <ItemGroup>
    <Filter Include="Source Files">
      <UniqueIdentifier>{4FC737F1-C7A5-4376-A066-2A32D752A2FF}</UniqueIdentifier>
      <Extensions>cpp;c;cc;cxx;def;odl;idl;hpj;bat;asm;asmx</Extensions>
    </Filter>
    <Filter Include="Header Files">
      <UniqueIdentifier>{93995380-89BD-4b04-88EB-625FBE52EBFB}</UniqueIdentifier>
      <Extensions>h;hh;hpp;hxx;hm;inl;inc;xsd</Extensions>
    </Filter>
  </ItemGroup>
  <ItemGroup>
    <ClInclude Include="..\include\ntfs-3g\attrib.h">
      <Filter>Header Files</Filter>
    </ClInclude>
    <ClInclude Include="..\include\ntfs-3g\cache.h">
      <Filter>Header Files</Filter>
    </ClInclude>
    <ClInclude Include="..\include\ntfs-3g\compat.h">
      <Filter>Header Files</Filter>
    </ClInclude>
    <ClInclude Include="..\include\ntfs-3g\types.h">
      <Filter>Header Files</Filter>
    </ClInclude>
    <ClInclude Include="..\include\ntfs-3g\acls.h">
      <Filter>Header Files</Filter>
    </ClInclude>
    <ClInclude Include="..\include\ntfs-3g\attrlist.h">
      <Filter>Header Files</Filter>
    </ClInclude>
    <ClInclude Include="..\include\ntfs-3g\bitmap.h">
      <Filter>Header Files</Filter>
    </ClInclude>
    <ClInclude Include="..\include\ntfs-3g\bootsect.h">
      <Filter>Header Files</Filter>
    </ClInclude>
    <ClInclude Include="..\include\ntfs-3g\collate.h">
      <Filter>Header Files</Filter>
    </ClInclude>
    <ClInclude Include="..\include\ntfs-3g\compress.h">
      <Filter>Header Files</Filter>
    </ClInclude>
    <ClInclude Include="..\include\ntfs-3g\debug.h">
      <Filter>Header Files</Filter>
    </ClInclude>
    <ClInclude Include="..\include\ntfs-3g\device.h">
      <Filter>Header Files</Filter>
    </ClInclude>
    <ClInclude Include="..\include\ntfs-3g\dir.h">
      <Filter>Header Files</Filter>
    </ClInclude>
    <ClInclude Include="..\include\ntfs-3g\ea.h">
      <Filter>Header Files</Filter>
    </ClInclude>
    <ClInclude Include="..\include\ntfs-3g\efs.h">
      <Filter>Header Files</Filter>
    </ClInclude>
    <ClInclude Include="..\include\ntfs-3g\endians.h">
      <Filter>Header Files</Filter>
    </ClInclude>
    <ClInclude Include="..\include\ntfs-3g\index.h">
      <Filter>Header Files</Filter>
    </ClInclude>
    <ClInclude Include="..\include\ntfs-3g\inode.h">
      <Filter>Header Files</Filter>
    </ClInclude>
    <ClInclude Include="..\include\ntfs-3g\ioctl.h">
      <Filter>Header Files</Filter>
    </ClInclude>
    <ClInclude Include="..\include\ntfs-3g\layout.h">
      <Filter>Header Files</Filter>
    </ClInclude>
    <ClInclude Include="..\include\ntfs-3g\lcnalloc.h">
      <Filter>Header Files</Filter>
    </ClInclude>
    <ClInclude Include="..\include\ntfs-3g\logfile.h">
      <Filter>Header Files</Filter>
    </ClInclude>
    <ClInclude Include="..\include\ntfs-3g\logging.h">
      <Filter>Header Files</Filter>
    </ClInclude>
    <ClInclude Include="..\include\ntfs-3g\mft.h">
      <Filter>Header Files</Filter>
    </ClInclude>
    <ClInclude Include="..\include\ntfs-3g\misc.h">
      <Filter>Header Files</Filter>
    </ClInclude>
    <ClInclude Include="..\include\ntfs-3g\mst.h">
      <Filter>Header Files</Filter>
    </ClInclude>
    <ClInclude Include="..\include\ntfs-3g\ntfstime.h">
      <Filter>Header Files</Filter>
    </ClInclude>
    <ClInclude Include="..\include\ntfs-3g\object_id.h">
      <Filter>Header Files</Filter>
    </ClInclude>
    <ClInclude Include="..\include\ntfs-3g\param.h">
      <Filter>Header Files</Filter>
    </ClInclude>
    <ClInclude Include="..\include\ntfs-3g\plugin.h">
      <Filter>Header Files</Filter>
    </ClInclude>
    <ClInclude Include="..\include\ntfs-3g\reparse.h">
      <Filter>Header Files</Filter>
    </ClInclude>
    <ClInclude Include="..\include\ntfs-3g\runlist.h">
      <Filter>Header Files</Filter>
    </ClInclude>
    <ClInclude Include="..\include\ntfs-3g\security.h">
      <Filter>Header Files</Filter>
    </ClInclude>
    <ClInclude Include="..\include\ntfs-3g\support.h">
      <Filter>Header Files</Filter>
    </ClInclude>
    <ClInclude Include="..\include\ntfs-3g\unistr.h">
      <Filter>Header Files</Filter>
    </ClInclude>
    <ClInclude Include="..\include\ntfs-3g\volume.h">
      <Filter>Header Files</Filter>
    </ClInclude>
    <ClInclude Include="..\include\ntfs-3g\xattrs.h">
      <Filter>Header Files</Filter>
    </ClInclude>
    <ClInclude Include="..\include\ntfs-3g\device_io.h">
      <Filter>Header Files</Filter>
    </ClInclude>
    <ClInclude Include="..\include\ntfs-3g\uefi_compat.h">
      <Filter>Header Files</Filter>
    </ClInclude>
  </ItemGroup>
  <ItemGroup>
    <ClCompile Include="..\libntfs-3g\acls.c">
      <Filter>Source Files</Filter>
    </ClCompile>
    <ClCompile Include="..\libntfs-3g\attrib.c">
      <Filter>Source Files</Filter>
    </ClCompile>
    <ClCompile Include="..\libntfs-3g\attrlist.c">
      <Filter>Source Files</Filter>
    </ClCompile>
    <ClCompile Include="..\libntfs-3g\bitmap.c">
      <Filter>Source Files</Filter>
    </ClCompile>
    <ClCompile Include="..\libntfs-3g\bootsect.c">
      <Filter>Source Files</Filter>
    </ClCompile>
    <ClCompile Include="..\libntfs-3g\cache.c">
      <Filter>Source Files</Filter>
    </ClCompile>
    <ClCompile Include="..\libntfs-3g\collate.c">
      <Filter>Source Files</Filter>
    </ClCompile>
    <ClCompile Include="..\libntfs-3g\compress.c">
      <Filter>Source Files</Filter>
    </ClCompile>
    <ClCompile Include="..\libntfs-3g\debug.c">
      <Filter>Source Files</Filter>
    </ClCompile>
    <ClCompile Include="..\libntfs-3g\device.c">
      <Filter>Source Files</Filter>
    </ClCompile>
    <ClCompile Include="..\libntfs-3g\dir.c">
      <Filter>Source Files</Filter>
    </ClCompile>
    <ClCompile Include="..\libntfs-3g\ea.c">
      <Filter>Source Files</Filter>
    </ClCompile>
    <ClCompile Include="..\libntfs-3g\efs.c">
      <Filter>Source Files</Filter>
    </ClCompile>
    <ClCompile Include="..\libntfs-3g\index.c">
      <Filter>Source Files</Filter>
    </ClCompile>
    <ClCompile Include="..\libntfs-3g\inode.c">
      <Filter>Source Files</Filter>
    </ClCompile>
    <ClCompile Include="..\libntfs-3g\ioctl.c">
      <Filter>Source Files</Filter>
    </ClCompile>
    <ClCompile Include="..\libntfs-3g\lcnalloc.c">
      <Filter>Source Files</Filter>
    </ClCompile>
    <ClCompile Include="..\libntfs-3g\logfile.c">
      <Filter>Source Files</Filter>
    </ClCompile>
    <ClCompile Include="..\libntfs-3g\mft.c">
      <Filter>Source Files</Filter>
    </ClCompile>
    <ClCompile Include="..\libntfs-3g\misc.c">
      <Filter>Source Files</Filter>
    </ClCompile>
    <ClCompile Include="..\libntfs-3g\mst.c">
      <Filter>Source Files</Filter>
    </ClCompile>
    <ClCompile Include="..\libntfs-3g\object_id.c">
      <Filter>Source Files</Filter>
    </ClCompile>
    <ClCompile Include="..\libntfs-3g\reparse.c">
      <Filter>Source Files</Filter>
    </ClCompile>
    <ClCompile Include="..\libntfs-3g\runlist.c">
      <Filter>Source Files</Filter>
    </ClCompile>
    <ClCompile Include="..\libntfs-3g\security.c">
      <Filter>Source Files</Filter>
    </ClCompile>
    <ClCompile Include="..\libntfs-3g\unistr.c">
      <Filter>Source Files</Filter>
    </ClCompile>
    <ClCompile Include="..\libntfs-3g\volume.c">
      <Filter>Source Files</Filter>
    </ClCompile>
    <ClCompile Include="..\libntfs-3g\xattrs.c">
      <Filter>Source Files</Filter>
    </ClCompile>
    <ClCompile Include="..\libntfs-3g\logging.c">
      <Filter>Source Files</Filter>
    </ClCompile>
    <ClCompile Include="..\libntfs-3g\uefi_io.c">
      <Filter>Source Files</Filter>
    </ClCompile>
    <ClCompile Include="..\libntfs-3g\uefi_compat.c">
      <Filter>Source Files</Filter>
    </ClCompile>
  </ItemGroup>
</Project>